TARGET=qualcommax/ipq60xx
PACKAGE_ARCH=aarch64_cortex-a53
SDK_BASE_URL=https://downloads.immortalwrt.org/snapshots/targets/qualcommax/ipq60xx
OFFICIAL_PACKAGES_URL=https://downloads.immortalwrt.org/snapshots/packages/aarch64_cortex-a53/packages/
OFFICIAL_LUCI_URL=https://downloads.immortalwrt.org/snapshots/packages/aarch64_cortex-a53/luci/
PACKAGE_IDS="luci-app-podman luci-app-tailscale-community"

PKG_LUCI_APP_PODMAN_REPO=Zerogiven-OpenWRT-Packages/luci-app-podman
PKG_LUCI_APP_PODMAN_BRANCH=main
PKG_LUCI_APP_PODMAN_REF=4cebf60aca146de9159a5f59179018cb58e2b941
PKG_LUCI_APP_PODMAN_SUBDIR=.
PKG_LUCI_APP_PODMAN_PACKAGE_NAME=luci-app-podman
PKG_LUCI_APP_PODMAN_BUILD_STRATEGY=strip_luci_depends
PKG_LUCI_APP_PODMAN_RUNTIME_DEPS="packages:podman"
PKG_LUCI_APP_PODMAN_INSTALL_PACKAGES="luci-base rpcd rpcd-mod-ucode ucode-mod-socket podman"

PKG_LUCI_APP_TAILSCALE_COMMUNITY_REPO=Tokisaki-Galaxy/luci-app-tailscale-community
PKG_LUCI_APP_TAILSCALE_COMMUNITY_BRANCH=master
PKG_LUCI_APP_TAILSCALE_COMMUNITY_REF=836bfcc0b6a50d3d83626c80b3b328e6966ff6e0
PKG_LUCI_APP_TAILSCALE_COMMUNITY_SUBDIR=luci-app-tailscale-community
PKG_LUCI_APP_TAILSCALE_COMMUNITY_PACKAGE_NAME=luci-app-tailscale-community
PKG_LUCI_APP_TAILSCALE_COMMUNITY_BUILD_STRATEGY=strip_luci_depends
PKG_LUCI_APP_TAILSCALE_COMMUNITY_RUNTIME_DEPS="packages:tailscale"
PKG_LUCI_APP_TAILSCALE_COMMUNITY_INSTALL_PACKAGES="luci-base ip tailscale"
